version: 6
environments:
  default:
    channels:
    - url: https://conda.anaconda.org/conda-forge/
    packages:
      osx-arm64:
      - conda: https://conda.anaconda.org/conda-forge/osx-arm64/binaryen-117-hebf3989_0.conda
      - conda: https://conda.anaconda.org/conda-forge/osx-arm64/bzip2-1.0.8-hd037594_9.conda
      - conda: https://conda.anaconda.org/conda-forge/osx-arm64/c-ares-1.34.6-hc919400_0.conda
      - conda: https://conda.anaconda.org/conda-forge/noarch/ca-certificates-2026.1.4-hbd8a1cb_0.conda
      - conda: https://conda.anaconda.org/conda-forge/osx-arm64/cctools_impl_osx-arm64-1030.6.3-llvm19_1_he8a363d_4.conda
      - conda: https://conda.anaconda.org/conda-forge/osx-arm64/cffi-2.0.0-py314h44086f9_1.conda
      - conda: https://conda.anaconda.org/conda-forge/noarch/cfgv-3.5.0-pyhd8ed1ab_0.conda
      - conda: https://conda.anaconda.org/conda-forge/osx-arm64/clang-19-19.1.7-default_hf3020a7_7.conda
      - conda: https://conda.anaconda.org/conda-forge/osx-arm64/clang-19.1.7-default_hf9bcbb7_7.conda
      - conda: https://conda.anaconda.org/conda-forge/osx-arm64/clang-format-14-14.0.6-default_h5dc8d65_1.conda
      - conda: https://conda.anaconda.org/conda-forge/osx-arm64/clang-format-14.0.6-default_h5dc8d65_1.conda
      - conda: https://conda.anaconda.org/conda-forge/osx-arm64/clang_impl_osx-arm64-19.1.7-default_hc11f16d_7.conda
      - conda: https://conda.anaconda.org/conda-forge/osx-arm64/clangxx-19.1.7-default_hc995acf_7.conda
      - conda: https://conda.anaconda.org/conda-forge/osx-arm64/clangxx_impl_osx-arm64-19.1.7-default_hc11f16d_7.conda
      - conda: https://conda.anaconda.org/conda-forge/osx-arm64/cmake-3.24.3-hf234bd0_0.tar.bz2
      - conda: https://conda.anaconda.org/conda-forge/osx-arm64/compiler-rt-19.1.7-h855ad52_1.conda
      - conda: https://conda.anaconda.org/conda-forge/noarch/compiler-rt_osx-arm64-19.1.7-he32a8d3_1.conda
      - conda: https://conda.anaconda.org/conda-forge/noarch/distlib-0.4.0-pyhd8ed1ab_0.conda
      - conda: https://conda.anaconda.org/conda-forge/osx-arm64/emscripten-3.1.58-ha7d2532_5.conda
      - conda: https://conda.anaconda.org/conda-forge/osx-arm64/expat-2.7.4-hf6b4638_0.conda
      - conda: https://conda.anaconda.org/conda-forge/noarch/filelock-3.24.3-pyhd8ed1ab_0.conda
      - conda: https://conda.anaconda.org/conda-forge/osx-arm64/icu-78.2-h38cb7af_0.conda
      - conda: https://conda.anaconda.org/conda-forge/noarch/identify-2.6.16-pyhd8ed1ab_0.conda
      - conda: https://conda.anaconda.org/conda-forge/noarch/importlib-metadata-8.7.0-pyhe01879c_1.conda
      - conda: https://conda.anaconda.org/conda-forge/osx-arm64/krb5-1.21.3-h237132a_0.conda
      - conda: https://conda.anaconda.org/conda-forge/osx-arm64/ld64-956.6-llvm19_1_he86490a_4.conda
      - conda: https://conda.anaconda.org/conda-forge/osx-arm64/ld64_osx-arm64-956.6-llvm19_1_ha2625f7_4.conda
      - conda: https://conda.anaconda.org/conda-forge/osx-arm64/libabseil-20260107.1-cxx17_h2062a1b_0.conda
      - conda: https://conda.anaconda.org/conda-forge/osx-arm64/libbrotlicommon-1.2.0-hc919400_1.conda
      - conda: https://conda.anaconda.org/conda-forge/osx-arm64/libbrotlidec-1.2.0-hc919400_1.conda
      - conda: https://conda.anaconda.org/conda-forge/osx-arm64/libbrotlienc-1.2.0-hc919400_1.conda
      - conda: https://conda.anaconda.org/conda-forge/osx-arm64/libclang-cpp14-14.0.6-default_h5dc8d65_1.conda
      - conda: https://conda.anaconda.org/conda-forge/osx-arm64/libclang-cpp19.1-19.1.7-default_hf3020a7_7.conda
      - conda: https://conda.anaconda.org/conda-forge/osx-arm64/libcurl-8.18.0-he38603e_0.conda
      - conda: https://conda.anaconda.org/conda-forge/osx-arm64/libcxx-21.1.8-h55c6f16_2.conda
      - conda: https://conda.anaconda.org/conda-forge/osx-arm64/libcxx-devel-19.1.7-h6dc3340_2.conda
      - conda: https://conda.anaconda.org/conda-forge/noarch/libcxx-headers-19.1.7-h707e725_2.conda
      - conda: https://conda.anaconda.org/conda-forge/osx-arm64/libedit-3.1.20250104-pl5321hafb1f1b_0.conda
      - conda: https://conda.anaconda.org/conda-forge/osx-arm64/libev-4.33-h93a5062_2.conda
      - conda: https://conda.anaconda.org/conda-forge/osx-arm64/libexpat-2.7.4-hf6b4638_0.conda
      - conda: https://conda.anaconda.org/conda-forge/osx-arm64/libffi-3.5.2-hcf2aa1b_0.conda
      - conda: https://conda.anaconda.org/conda-forge/osx-arm64/libiconv-1.18-h23cfdf5_2.conda
      - conda: https://conda.anaconda.org/conda-forge/osx-arm64/libllvm14-14.0.6-hd1a9a77_4.conda
      - conda: https://conda.anaconda.org/conda-forge/osx-arm64/libllvm19-19.1.7-h8e0c9ce_2.conda
      - conda: https://conda.anaconda.org/conda-forge/osx-arm64/liblzma-5.8.2-h8088a28_0.conda
      - conda: https://conda.anaconda.org/conda-forge/osx-arm64/liblzma-devel-5.8.2-h8088a28_0.conda
      - conda: https://conda.anaconda.org/conda-forge/osx-arm64/libmpdec-4.0.0-h84a0fba_1.conda
      - conda: https://conda.anaconda.org/conda-forge/osx-arm64/libnghttp2-1.67.0-hc438710_0.conda
      - conda: https://conda.anaconda.org/conda-forge/osx-arm64/libsigtool-0.1.3-h98dc951_0.conda
      - conda: https://conda.anaconda.org/conda-forge/osx-arm64/libsqlite-3.51.2-h1ae2325_0.conda
      - conda: https://conda.anaconda.org/conda-forge/osx-arm64/libssh2-1.11.1-h1590b86_0.conda
      - conda: https://conda.anaconda.org/conda-forge/osx-arm64/libuv-1.51.0-h6caf38d_1.conda
      - conda: https://conda.anaconda.org/conda-forge/osx-arm64/libxml2-16-2.15.1-h5ef1a60_1.conda
      - conda: https://conda.anaconda.org/conda-forge/osx-arm64/libxml2-2.15.1-h8d039ee_1.conda
      - conda: https://conda.anaconda.org/conda-forge/osx-arm64/libzlib-1.3.1-h8359307_2.conda
      - conda: https://conda.anaconda.org/conda-forge/osx-arm64/lld-19.1.7-ha4b1419_1.conda
      - conda: https://conda.anaconda.org/conda-forge/osx-arm64/llvm-openmp-21.1.8-h4a912ad_0.conda
      - conda: https://conda.anaconda.org/conda-forge/osx-arm64/llvm-tools-19-19.1.7-h91fd4e7_2.conda
      - conda: https://conda.anaconda.org/conda-forge/osx-arm64/llvm-tools-19.1.7-h855ad52_2.conda
      - conda: https://conda.anaconda.org/conda-forge/osx-arm64/ncurses-6.5-h5e97a16_3.conda
      - conda: https://conda.anaconda.org/conda-forge/osx-arm64/ninja-1.13.2-h49c215f_0.conda
      - conda: https://conda.anaconda.org/conda-forge/noarch/nodeenv-1.10.0-pyhd8ed1ab_0.conda
      - conda: https://conda.anaconda.org/conda-forge/osx-arm64/nodejs-25.7.0-hbfc8e16_0.conda
      - conda: https://conda.anaconda.org/conda-forge/osx-arm64/openssl-3.6.1-hd24854e_1.conda
      - conda: https://conda.anaconda.org/conda-forge/noarch/platformdirs-4.9.2-pyhcf101f3_0.conda
      - conda: https://conda.anaconda.org/conda-forge/noarch/pre-commit-4.5.1-pyha770c72_0.conda
      - conda: https://conda.anaconda.org/conda-forge/noarch/pycparser-2.22-pyh29332c3_1.conda
      - conda: https://conda.anaconda.org/conda-forge/osx-arm64/python-3.14.3-h4c637c5_101_cp314.conda
      - conda: https://conda.anaconda.org/conda-forge/noarch/python-discovery-1.1.0-pyhcf101f3_0.conda
      - conda: https://conda.anaconda.org/conda-forge/noarch/python_abi-3.14-8_cp314.conda
      - conda: https://conda.anaconda.org/conda-forge/osx-arm64/pyyaml-6.0.3-py314h6e9b3f0_1.conda
      - conda: https://conda.anaconda.org/conda-forge/osx-arm64/readline-8.3-h46df422_0.conda
      - conda: https://conda.anaconda.org/conda-forge/osx-arm64/rhash-1.4.3-hb547adb_2.conda
      - conda: https://conda.anaconda.org/conda-forge/noarch/setuptools-82.0.0-pyh332efcf_0.conda
      - conda: https://conda.anaconda.org/conda-forge/osx-arm64/sigtool-codesign-0.1.3-h98dc951_0.conda
      - conda: https://conda.anaconda.org/conda-forge/osx-arm64/tapi-1600.0.11.8-h997e182_0.conda
      - conda: https://conda.anaconda.org/conda-forge/osx-arm64/tk-8.6.13-h010d191_3.conda
      - conda: https://conda.anaconda.org/conda-forge/noarch/typing_extensions-4.15.0-pyhcf101f3_0.conda
      - conda: https://conda.anaconda.org/conda-forge/noarch/tzdata-2025c-hc9c84f9_1.conda
      - conda: https://conda.anaconda.org/conda-forge/osx-arm64/ukkonen-1.1.0-py314h6cfcd04_0.conda
      - conda: https://conda.anaconda.org/conda-forge/noarch/virtualenv-21.0.0-pyhcf101f3_0.conda
      - conda: https://conda.anaconda.org/conda-forge/osx-arm64/xz-5.8.2-hd0f0c4f_0.conda
      - conda: https://conda.anaconda.org/conda-forge/osx-arm64/xz-gpl-tools-5.8.2-hd0f0c4f_0.conda
      - conda: https://conda.anaconda.org/conda-forge/osx-arm64/xz-tools-5.8.2-h8088a28_0.conda
      - conda: https://conda.anaconda.org/conda-forge/osx-arm64/yaml-0.2.5-h925e9cb_3.conda
      - conda: https://conda.anaconda.org/conda-forge/noarch/zipp-3.23.0-pyhcf101f3_1.conda
      - conda: https://conda.anaconda.org/conda-forge/osx-arm64/zlib-1.3.1-h8359307_2.conda
      - conda: https://conda.anaconda.org/conda-forge/osx-arm64/zstd-1.5.7-hbf9d68e_6.conda
packages:
- conda: https://conda.anaconda.org/conda-forge/osx-arm64/binaryen-117-hebf3989_0.conda
  sha256: 9f4696ff6bf7a43261e549c1142dc24f45905fff68a6c0a1ebbdd0a84acd9056
  md5: 26d849f5539e7e20d8b7465a3616a622
  depends:
  - libcxx >=16
  license: Apache-2.0
  license_family: APACHE
  size: 3466426
  timestamp: 1709092708128
- conda: https://conda.anaconda.org/conda-forge/osx-arm64/bzip2-1.0.8-hd037594_9.conda
  sha256: 540fe54be35fac0c17feefbdc3e29725cce05d7367ffedfaaa1bdda234b019df
  md5: 620b85a3f45526a8bc4d23fd78fc22f0
  depends:
  - __osx >=11.0
  license: bzip2-1.0.6
  license_family: BSD
  size: 124834
  timestamp: 1771350416561
- conda: https://conda.anaconda.org/conda-forge/osx-arm64/c-ares-1.34.6-hc919400_0.conda
  sha256: 2995f2aed4e53725e5efbc28199b46bf311c3cab2648fc4f10c2227d6d5fa196
  md5: bcb3cba70cf1eec964a03b4ba7775f01
  depends:
  - __osx >=11.0
  license: MIT
  license_family: MIT
  size: 180327
  timestamp: 1765215064054
- conda: https://conda.anaconda.org/conda-forge/noarch/ca-certificates-2026.1.4-hbd8a1cb_0.conda
  sha256: b5974ec9b50e3c514a382335efa81ed02b05906849827a34061c496f4defa0b2
  md5: bddacf101bb4dd0e51811cb69c7790e2
  depends:
  - __unix
  license: ISC
  size: 146519
  timestamp: 1767500828366
- conda: https://conda.anaconda.org/conda-forge/osx-arm64/cctools_impl_osx-arm64-1030.6.3-llvm19_1_he8a363d_4.conda
  sha256: c444442e0c01de92a75b58718a100f2e272649658d4f3dd915bbfc2316b25638
  md5: 76c651b923e048f3f3e0ecb22c966f70
  depends:
  - __osx >=11.0
  - ld64_osx-arm64 >=956.6,<956.7.0a0
  - libcxx
  - libllvm19 >=19.1.7,<19.2.0a0
  - libzlib >=1.3.1,<2.0a0
  - llvm-tools 19.1.*
  - sigtool-codesign
  constrains:
  - ld64 956.6.*
  - cctools 1030.6.3.*
  - clang 19.1.*
  license: APSL-2.0
  license_family: Other
  size: 749918
  timestamp: 1768852866532
- conda: https://conda.anaconda.org/conda-forge/osx-arm64/cffi-2.0.0-py314h44086f9_1.conda
  sha256: 5b5ee5de01eb4e4fd2576add5ec9edfc654fbaf9293e7b7ad2f893a67780aa98
  md5: 10dd19e4c797b8f8bdb1ec1fbb6821d7
  depends:
  - __osx >=11.0
  - libffi >=3.5.2,<3.6.0a0
  - pycparser
  - python >=3.14,<3.15.0a0
  - python >=3.14,<3.15.0a0 *_cp314
  - python_abi 3.14.* *_cp314
  license: MIT
  license_family: MIT
  size: 292983
  timestamp: 1761203354051
- conda: https://conda.anaconda.org/conda-forge/noarch/cfgv-3.5.0-pyhd8ed1ab_0.conda
  sha256: aa589352e61bb221351a79e5946d56916e3c595783994884accdb3b97fe9d449
  md5: 381bd45fb7aa032691f3063aff47e3a1
  depends:
  - python >=3.10
  license: MIT
  license_family: MIT
  size: 13589
  timestamp: 1763607964133
- conda: https://conda.anaconda.org/conda-forge/osx-arm64/clang-19.1.7-default_hf9bcbb7_7.conda
  sha256: e170fa45ea1a6c30348b05a474bfad58bcb7316ee278fd1051f1f7af105db2cd
  md5: 13150cdd8e6bc61aa68b55d1a2a69083
  depends:
  - clang-19 19.1.7 default_hf3020a7_7
  - clang_impl_osx-arm64 19.1.7 default_hc11f16d_7
  license: Apache-2.0 WITH LLVM-exception
  license_family: Apache
  size: 24474
  timestamp: 1767957953998
- conda: https://conda.anaconda.org/conda-forge/osx-arm64/clang-19-19.1.7-default_hf3020a7_7.conda
  sha256: d59286e188f4922f9812d8412358f98e98b187840c7256d9c143f4e9cc02847e
  md5: 3b992d143f0008588ca26df8a324eee9
  depends:
  - __osx >=11.0
  - libclang-cpp19.1 19.1.7 default_hf3020a7_7
  - libcxx >=19.1.7
  - libllvm19 >=19.1.7,<19.2.0a0
  license: Apache-2.0 WITH LLVM-exception
  license_family: Apache
  size: 764520
  timestamp: 1767957577398
- conda: https://conda.anaconda.org/conda-forge/osx-arm64/clang-format-14.0.6-default_h5dc8d65_1.conda
  sha256: 0ee922f15fdac050962aac53c55de833fc9ec65af6a3fda2b21ee0c973e3ead1
  md5: 36a4dbc6306140ce5b2728cb53371eeb
  depends:
  - clang-format-14 14.0.6 default_h5dc8d65_1
  - libclang-cpp14 >=14.0.6,<14.1.0a0
  - libcxx >=15.0.7
  - libllvm14 >=14.0.6,<14.1.0a0
  license: Apache-2.0 WITH LLVM-exception
  license_family: Apache
  size: 133637
  timestamp: 1684414262253
- conda: https://conda.anaconda.org/conda-forge/osx-arm64/clang-format-14-14.0.6-default_h5dc8d65_1.conda
  sha256: ac72b3cab09a8b700e8e453763769da7e81299ec9bf8465011900c459fac5415
  md5: a8f37d56372617f8b9f6a2b2abbd0bc2
  depends:
  - libclang-cpp14 >=14.0.6,<14.1.0a0
  - libcxx >=15.0.7
  - libllvm14 >=14.0.6,<14.1.0a0
  license: Apache-2.0 WITH LLVM-exception
  license_family: Apache
  size: 255444
  timestamp: 1684414159716
- conda: https://conda.anaconda.org/conda-forge/osx-arm64/clang_impl_osx-arm64-19.1.7-default_hc11f16d_7.conda
  sha256: faffb31c43afb4360d6545bd20590fbed5b344a77daeabdea39164d72c943d21
  md5: bde6fcb6b1fcefb687a7fb95675c6ec8
  depends:
  - cctools_impl_osx-arm64
  - clang-19 19.1.7 default_hf3020a7_7
  - compiler-rt 19.1.7.*
  - compiler-rt_osx-arm64
  - ld64
  - ld64_osx-arm64 * llvm19_1_*
  - llvm-openmp >=19.1.7
  - llvm-tools 19.1.7.*
  license: Apache-2.0 WITH LLVM-exception
  license_family: Apache
  size: 24459
  timestamp: 1767957934083
- conda: https://conda.anaconda.org/conda-forge/osx-arm64/clangxx-19.1.7-default_hc995acf_7.conda
  sha256: ac9f83722cfd336298b97e30c3746a8f0d9d6289a3e0383275f531dc03b2f88a
  md5: 0c1f688616da9aac0ce556d74a24f740
  depends:
  - clang 19.1.7 default_hf9bcbb7_7
  - clangxx_impl_osx-arm64 19.1.7.* default_*_7
  - libcxx-devel 19.1.*
  license: Apache-2.0 WITH LLVM-exception
  license_family: Apache
  size: 24443
  timestamp: 1767958120218
- conda: https://conda.anaconda.org/conda-forge/osx-arm64/clangxx_impl_osx-arm64-19.1.7-default_hc11f16d_7.conda
  sha256: 56ec5bf095253eb7ff33b0e64f33c608d760f790f1ff0cb30480a797bffbb2fd
  md5: 4fa4a9227c428372847c534a9bffd698
  depends:
  - clang-19 19.1.7 default_hf3020a7_7
  - clang_impl_osx-arm64 19.1.7 default_hc11f16d_7
  - libcxx-devel 19.1.*
  license: Apache-2.0 WITH LLVM-exception
  license_family: Apache
  size: 24364
  timestamp: 1767958102690
- conda: https://conda.anaconda.org/conda-forge/osx-arm64/cmake-3.24.3-hf234bd0_0.tar.bz2
  sha256: ca633ad81532c955d279c1278aa29f2fd088631722c9de911b21fb00d38b93fe
  md5: 41641666a0f1e47e433736bb9ffbcd8a
  depends:
  - bzip2 >=1.0.8,<2.0a0
  - expat >=2.5.0,<3.0a0
  - libcurl >=7.86.0,<9.0a0
  - libcxx >=14.0.4
  - libuv
  - libzlib >=1.2.13,<2.0.0a0
  - ncurses >=6.3,<7.0a0
  - rhash <=1.4.3
  - xz >=5.2.6,<6.0a0
  - zlib
  - zstd >=1.5.2,<1.6.0a0
  license: BSD-3-Clause
  license_family: BSD
  size: 14447791
  timestamp: 1667372103211
- conda: https://conda.anaconda.org/conda-forge/osx-arm64/compiler-rt-19.1.7-h855ad52_1.conda
  sha256: b58a481828aee699db7f28bfcbbe72fb133277ac60831dfe70ee2465541bcb93
  md5: 39451684370ae65667fa5c11222e43f7
  depends:
  - __osx >=11.0
  - clang 19.1.7.*
  - compiler-rt_osx-arm64 19.1.7.*
  license: Apache-2.0 WITH LLVM-exception
  license_family: APACHE
  size: 97085
  timestamp: 1757411887557
- conda: https://conda.anaconda.org/conda-forge/noarch/compiler-rt_osx-arm64-19.1.7-he32a8d3_1.conda
  sha256: 8c32a3db8adf18ed58197e8895ce4f24a83ed63c817512b9a26724753b116f2a
  md5: 8d99c82e0f5fed6cc36fcf66a11e03f0
  depends:
  - clang 19.1.7.*
  constrains:
  - compiler-rt 19.1.7
  - clangxx 19.1.7
  license: Apache-2.0 WITH LLVM-exception
  license_family: APACHE
  size: 10490535
  timestamp: 1757411851093
- conda: https://conda.anaconda.org/conda-forge/noarch/distlib-0.4.0-pyhd8ed1ab_0.conda
  sha256: 6d977f0b2fc24fee21a9554389ab83070db341af6d6f09285360b2e09ef8b26e
  md5: 003b8ba0a94e2f1e117d0bd46aebc901
  depends:
  - python >=3.9
  license: Apache-2.0
  license_family: APACHE
  size: 275642
  timestamp: 1752823081585
- conda: https://conda.anaconda.org/conda-forge/osx-arm64/emscripten-3.1.58-ha7d2532_5.conda
  sha256: 8a79ac19e79ad204fb879a18c21130ef9de203c3f2192b186511a2c8246bb45b
  md5: 7606e93c699ca64e92755a9e93c75bcb
  depends:
  - __osx >=11.0
  - binaryen >=117,<118.0a0
  - clang 19.*
  - clangxx 19.*
  - libcxx >=19
  - lld 19.*
  - llvm-tools 19.*
  - nodejs >=20
  - python *
  - zlib
  license: MIT OR NCSA OR MPL-2.0
  size: 102236039
  timestamp: 1763444361109
- conda: https://conda.anaconda.org/conda-forge/osx-arm64/expat-2.7.4-hf6b4638_0.conda
  sha256: 0ed48e45d1432c4982574c5332c4b07eab35398aff40c33ffd1a7f023c60d165
  md5: ba71d02e9126cfad5a2a6472ec4cb603
  depends:
  - __osx >=11.0
  - libexpat 2.7.4 hf6b4638_0
  license: MIT
  license_family: MIT
  size: 132957
  timestamp: 1771260052321
- conda: https://conda.anaconda.org/conda-forge/noarch/filelock-3.24.3-pyhd8ed1ab_0.conda
  sha256: 6d576ed3bd0e7c57b1144f0b2014de9ea3fab9786316bc3e748105d44e0140a0
  md5: 9dbb20eec24beb026291c20a35ce1ff9
  depends:
  - python >=3.10
  license: Unlicense
  size: 24808
  timestamp: 1771468713029
- conda: https://conda.anaconda.org/conda-forge/osx-arm64/icu-78.2-h38cb7af_0.conda
  sha256: d4cefbca587429d1192509edc52c88de52bc96c2447771ddc1f8bee928aed5ef
  md5: 1e93aca311da0210e660d2247812fa02
  depends:
  - __osx >=11.0
  license: MIT
  license_family: MIT
  size: 12358010
  timestamp: 1767970350308
- conda: https://conda.anaconda.org/conda-forge/noarch/identify-2.6.16-pyhd8ed1ab_0.conda
  sha256: 6a88cdde151469131df1948839ac2315ada99cf8d38aaacc9a7a5984e9cd8c19
  md5: 8bc5851c415865334882157127e75799
  depends:
  - python >=3.10
  - ukkonen
  license: MIT
  license_family: MIT
  size: 79302
  timestamp: 1768295306539
- conda: https://conda.anaconda.org/conda-forge/noarch/importlib-metadata-8.7.0-pyhe01879c_1.conda
  sha256: c18ab120a0613ada4391b15981d86ff777b5690ca461ea7e9e49531e8f374745
  md5: 63ccfdc3a3ce25b027b8767eb722fca8
  depends:
  - python >=3.9
  - zipp >=3.20
  - python
  license: Apache-2.0
  license_family: APACHE
  size: 34641
  timestamp: 1747934053147
- conda: https://conda.anaconda.org/conda-forge/osx-arm64/krb5-1.21.3-h237132a_0.conda
  sha256: 4442f957c3c77d69d9da3521268cad5d54c9033f1a73f99cde0a3658937b159b
  md5: c6dc8a0fdec13a0565936655c33069a1
  depends:
  - __osx >=11.0
  - libcxx >=16
  - libedit >=3.1.20191231,<3.2.0a0
  - libedit >=3.1.20191231,<4.0a0
  - openssl >=3.3.1,<4.0a0
  license: MIT
  license_family: MIT
  size: 1155530
  timestamp: 1719463474401
- conda: https://conda.anaconda.org/conda-forge/osx-arm64/ld64-956.6-llvm19_1_he86490a_4.conda
  sha256: d6197b4825ece12ab63097bd677294126439a1a6222c7098885aa23464ef280c
  md5: 22eb76f8d98f4d3b8319d40bda9174de
  depends:
  - ld64_osx-arm64 956.6 llvm19_1_ha2625f7_4
  - libllvm19 >=19.1.7,<19.2.0a0
  constrains:
  - cctools_osx-arm64 1030.6.3.*
  - cctools 1030.6.3.*
  license: APSL-2.0
  license_family: Other
  size: 21592
  timestamp: 1768852886875
- conda: https://conda.anaconda.org/conda-forge/osx-arm64/ld64_osx-arm64-956.6-llvm19_1_ha2625f7_4.conda
  sha256: 4161eec579cea07903ee2fafdde6f8f9991dabd54f3ca6609a1bf75bed3dc788
  md5: eaf3d06e3a8a10dee7565e8d76ae618d
  depends:
  - __osx >=11.0
  - libcxx
  - libllvm19 >=19.1.7,<19.2.0a0
  - sigtool-codesign
  - tapi >=1600.0.11.8,<1601.0a0
  constrains:
  - cctools_impl_osx-arm64 1030.6.3.*
  - ld64 956.6.*
  - cctools 1030.6.3.*
  - clang 19.1.*
  license: APSL-2.0
  license_family: Other
  size: 1040464
  timestamp: 1768852821767
- conda: https://conda.anaconda.org/conda-forge/osx-arm64/libabseil-20260107.1-cxx17_h2062a1b_0.conda
  sha256: 756611fbb8d2957a5b4635d9772bd8432cb6ddac05580a6284cca6fdc9b07fca
  md5: bb65152e0d7c7178c0f1ee25692c9fd1
  depends:
  - __osx >=11.0
  - libcxx >=19
  constrains:
  - abseil-cpp =20260107.1
  - libabseil-static =20260107.1=cxx17*
  license: Apache-2.0
  license_family: Apache
  size: 1229639
  timestamp: 1770863511331
- conda: https://conda.anaconda.org/conda-forge/osx-arm64/libbrotlicommon-1.2.0-hc919400_1.conda
  sha256: a7cb9e660531cf6fbd4148cff608c85738d0b76f0975c5fc3e7d5e92840b7229
  md5: 006e7ddd8a110771134fcc4e1e3a6ffa
  depends:
  - __osx >=11.0
  license: MIT
  license_family: MIT
  size: 79443
  timestamp: 1764017945924
- conda: https://conda.anaconda.org/conda-forge/osx-arm64/libbrotlidec-1.2.0-hc919400_1.conda
  sha256: 2eae444039826db0454b19b52a3390f63bfe24f6b3e63089778dd5a5bf48b6bf
  md5: 079e88933963f3f149054eec2c487bc2
  depends:
  - __osx >=11.0
  - libbrotlicommon 1.2.0 hc919400_1
  license: MIT
  license_family: MIT
  size: 29452
  timestamp: 1764017979099
- conda: https://conda.anaconda.org/conda-forge/osx-arm64/libbrotlienc-1.2.0-hc919400_1.conda
  sha256: 01436c32bb41f9cb4bcf07dda647ce4e5deb8307abfc3abdc8da5317db8189d1
  md5: b2b7c8288ca1a2d71ff97a8e6a1e8883
  depends:
  - __osx >=11.0
  - libbrotlicommon 1.2.0 hc919400_1
  license: MIT
  license_family: MIT
  size: 290754
  timestamp: 1764018009077
- conda: https://conda.anaconda.org/conda-forge/osx-arm64/libclang-cpp14-14.0.6-default_h5dc8d65_1.conda
  sha256: 9cb083dae695cda715e280c2cadd08b625ecc5842f99fb575901990b0e60bf7c
  md5: 7caa562f3551c16cd82d0147640091f8
  depends:
  - libcxx >=15.0.7
  - libllvm14 >=14.0.6,<14.1.0a0
  license: Apache-2.0 WITH LLVM-exception
  license_family: Apache
  size: 10930694
  timestamp: 1684413524265
- conda: https://conda.anaconda.org/conda-forge/osx-arm64/libclang-cpp19.1-19.1.7-default_hf3020a7_7.conda
  sha256: 89b8aed26ef89c9e56939d1acefa91ecf2e198923bfcc41f116c0de42ce869cb
  md5: 5600ae1b88144099572939e773f4b20b
  depends:
  - __osx >=11.0
  - libcxx >=19.1.7
  - libllvm19 >=19.1.7,<19.2.0a0
  license: Apache-2.0 WITH LLVM-exception
  license_family: Apache
  size: 14062741
  timestamp: 1767957389675
- conda: https://conda.anaconda.org/conda-forge/osx-arm64/libcurl-8.18.0-he38603e_0.conda
  sha256: 11c78b3e89bc332933386f0a11ac60d9200afb7a811b9e3bec98aef8d4a6389b
  md5: 36190179a799f3aee3c2d20a8a2b970d
  depends:
  - __osx >=11.0
  - krb5 >=1.21.3,<1.22.0a0
  - libnghttp2 >=1.67.0,<2.0a0
  - libssh2 >=1.11.1,<2.0a0
  - libzlib >=1.3.1,<2.0a0
  - openssl >=3.5.4,<4.0a0
  - zstd >=1.5.7,<1.6.0a0
  license: curl
  license_family: MIT
  size: 402681
  timestamp: 1767822693908
- conda: https://conda.anaconda.org/conda-forge/osx-arm64/libcxx-21.1.8-h55c6f16_2.conda
  sha256: 5fbeb2fc2673f0455af6079abf93faaf27f11a92574ad51565fa1ecac9a4e2aa
  md5: 4cb5878bdb9ebfa65b7cdff5445087c5
  depends:
  - __osx >=11.0
  license: Apache-2.0 WITH LLVM-exception
  license_family: Apache
  size: 570068
  timestamp: 1770238262922
- conda: https://conda.anaconda.org/conda-forge/osx-arm64/libcxx-devel-19.1.7-h6dc3340_2.conda
  sha256: ec07ebaa226792f4e2bf0f5dba50325632a7474d5f04b951d8291be70af215da
  md5: 9f7810b7c0a731dbc84d46d6005890ef
  depends:
  - libcxx >=19.1.7
  - libcxx-headers >=19.1.7,<19.1.8.0a0
  license: Apache-2.0 WITH LLVM-exception
  license_family: Apache
  size: 23000
  timestamp: 1764648270121
- conda: https://conda.anaconda.org/conda-forge/noarch/libcxx-headers-19.1.7-h707e725_2.conda
  sha256: 36485e6807e03a4f15a8018ec982457a9de0a1318b4b49a44c5da75849dbe24f
  md5: de91b5ce46dc7968b6e311f9add055a2
  depends:
  - __unix
  constrains:
  - libcxx-devel 19.1.7
  license: Apache-2.0 WITH LLVM-exception
  license_family: Apache
  size: 830747
  timestamp: 1764647922410
- conda: https://conda.anaconda.org/conda-forge/osx-arm64/libedit-3.1.20250104-pl5321hafb1f1b_0.conda
  sha256: 66aa216a403de0bb0c1340a88d1a06adaff66bae2cfd196731aa24db9859d631
  md5: 44083d2d2c2025afca315c7a172eab2b
  depends:
  - ncurses
  - __osx >=11.0
  - ncurses >=6.5,<7.0a0
  license: BSD-2-Clause
  license_family: BSD
  size: 107691
  timestamp: 1738479560845
- conda: https://conda.anaconda.org/conda-forge/osx-arm64/libev-4.33-h93a5062_2.conda
  sha256: 95cecb3902fbe0399c3a7e67a5bed1db813e5ab0e22f4023a5e0f722f2cc214f
  md5: 36d33e440c31857372a72137f78bacf5
  license: BSD-2-Clause
  license_family: BSD
  size: 107458
  timestamp: 1702146414478
- conda: https://conda.anaconda.org/conda-forge/osx-arm64/libexpat-2.7.4-hf6b4638_0.conda
  sha256: 03887d8080d6a8fe02d75b80929271b39697ecca7628f0657d7afaea87761edf
  md5: a92e310ae8dfc206ff449f362fc4217f
  depends:
  - __osx >=11.0
  constrains:
  - expat 2.7.4.*
  license: MIT
  license_family: MIT
  size: 68199
  timestamp: 1771260020767
- conda: https://conda.anaconda.org/conda-forge/osx-arm64/libffi-3.5.2-hcf2aa1b_0.conda
  sha256: 6686a26466a527585e6a75cc2a242bf4a3d97d6d6c86424a441677917f28bec7
  md5: 43c04d9cb46ef176bb2a4c77e324d599
  depends:
  - __osx >=11.0
  license: MIT
  license_family: MIT
  size: 40979
  timestamp: 1769456747661
- conda: https://conda.anaconda.org/conda-forge/osx-arm64/libiconv-1.18-h23cfdf5_2.conda
  sha256: de0336e800b2af9a40bdd694b03870ac4a848161b35c8a2325704f123f185f03
  md5: 4d5a7445f0b25b6a3ddbb56e790f5251
  depends:
  - __osx >=11.0
  license: LGPL-2.1-only
  size: 750379
  timestamp: 1754909073836
- conda: https://conda.anaconda.org/conda-forge/osx-arm64/libllvm14-14.0.6-hd1a9a77_4.conda
  sha256: 6f603914fe8633a615f0d2f1383978eb279eeb552079a78449c9fbb43f22a349
  md5: 9f3dce5d26ea56a9000cd74c034582bd
  depends:
  - libcxx >=15
  - libzlib >=1.2.13,<2.0.0a0
  license: Apache-2.0 WITH LLVM-exception
  license_family: Apache
  size: 20571387
  timestamp: 1690559110016
- conda: https://conda.anaconda.org/conda-forge/osx-arm64/libllvm19-19.1.7-h8e0c9ce_2.conda
  sha256: 46f8ff3d86438c0af1bebe0c18261ce5de9878d58b4fe399a3a125670e4f0af5
  md5: d1d9b233830f6631800acc1e081a9444
  depends:
  - __osx >=11.0
  - libcxx >=19
  - libxml2
  - libxml2-16 >=2.14.5
  - libzlib >=1.3.1,<2.0a0
  - zstd >=1.5.7,<1.6.0a0
  license: Apache-2.0 WITH LLVM-exception
  license_family: Apache
  size: 26914852
  timestamp: 1757353228286
- conda: https://conda.anaconda.org/conda-forge/osx-arm64/liblzma-5.8.2-h8088a28_0.conda
  sha256: 7bfc7ffb2d6a9629357a70d4eadeadb6f88fa26ebc28f606b1c1e5e5ed99dc7e
  md5: 009f0d956d7bfb00de86901d16e486c7
  depends:
  - __osx >=11.0
  constrains:
  - xz 5.8.2.*
  license: 0BSD
  size: 92242
  timestamp: 1768752982486
- conda: https://conda.anaconda.org/conda-forge/osx-arm64/liblzma-devel-5.8.2-h8088a28_0.conda
  sha256: 755db226a10a0b7776d4019f76c7dfe1eb6b495bc6791a143d2db88dec32ea52
  md5: ffd253880bfba4a94d048661d57e4f79
  depends:
  - __osx >=11.0
  - liblzma 5.8.2 h8088a28_0
  license: 0BSD
  size: 117463
  timestamp: 1768753005332
- conda: https://conda.anaconda.org/conda-forge/osx-arm64/libmpdec-4.0.0-h84a0fba_1.conda
  sha256: 1089c7f15d5b62c622625ec6700732ece83be8b705da8c6607f4dabb0c4bd6d2
  md5: 57c4be259f5e0b99a5983799a228ae55
  depends:
  - __osx >=11.0
  license: BSD-2-Clause
  license_family: BSD
  size: 73690
  timestamp: 1769482560514
- conda: https://conda.anaconda.org/conda-forge/osx-arm64/libnghttp2-1.67.0-hc438710_0.conda
  sha256: a07cb53b5ffa2d5a18afc6fd5a526a5a53dd9523fbc022148bd2f9395697c46d
  md5: a4b4dd73c67df470d091312ab87bf6ae
  depends:
  - __osx >=11.0
  - c-ares >=1.34.5,<2.0a0
  - libcxx >=19
  - libev >=4.33,<4.34.0a0
  - libev >=4.33,<5.0a0
  - libzlib >=1.3.1,<2.0a0
  - openssl >=3.5.2,<4.0a0
  license: MIT
  license_family: MIT
  size: 575454
  timestamp: 1756835746393
- conda: https://conda.anaconda.org/conda-forge/osx-arm64/libsigtool-0.1.3-h98dc951_0.conda
  sha256: 421f7bd7caaa945d9cd5d374cc3f01e75637ca7372a32d5e7695c825a48a30d1
  md5: c08557d00807785decafb932b5be7ef5
  depends:
  - __osx >=11.0
  - openssl >=3.5.4,<4.0a0
  license: MIT
  license_family: MIT
  size: 36416
  timestamp: 1767045062496
- conda: https://conda.anaconda.org/conda-forge/osx-arm64/libsqlite-3.51.2-h1ae2325_0.conda
  sha256: 6e9b9f269732cbc4698c7984aa5b9682c168e2a8d1e0406e1ff10091ca046167
  md5: 4b0bf313c53c3e89692f020fb55d5f2c
  depends:
  - __osx >=11.0
  - icu >=78.2,<79.0a0
  - libzlib >=1.3.1,<2.0a0
  license: blessing
  size: 909777
  timestamp: 1768148320535
- conda: https://conda.anaconda.org/conda-forge/osx-arm64/libssh2-1.11.1-h1590b86_0.conda
  sha256: 8bfe837221390ffc6f111ecca24fa12d4a6325da0c8d131333d63d6c37f27e0a
  md5: b68e8f66b94b44aaa8de4583d3d4cc40
  depends:
  - libzlib >=1.3.1,<2.0a0
  - openssl >=3.5.0,<4.0a0
  license: BSD-3-Clause
  license_family: BSD
  size: 279193
  timestamp: 1745608793272
- conda: https://conda.anaconda.org/conda-forge/osx-arm64/libuv-1.51.0-h6caf38d_1.conda
  sha256: 042c7488ad97a5629ec0a991a8b2a3345599401ecc75ad6a5af73b60e6db9689
  md5: c0d87c3c8e075daf1daf6c31b53e8083
  depends:
  - __osx >=11.0
  license: MIT
  license_family: MIT
  size: 421195
  timestamp: 1753948426421
- conda: https://conda.anaconda.org/conda-forge/osx-arm64/libxml2-2.15.1-h8d039ee_1.conda
  sha256: 59f96fa27cce6a9a27414c5bb301eedda1a1b85cd0d8f5d68f77e46b86e7c95f
  md5: fd804ee851e20faca4fecc7df0901d07
  depends:
  - __osx >=11.0
  - icu >=78.1,<79.0a0
  - libiconv >=1.18,<2.0a0
  - liblzma >=5.8.1,<6.0a0
  - libxml2-16 2.15.1 h5ef1a60_1
  - libzlib >=1.3.1,<2.0a0
  license: MIT
  license_family: MIT
  size: 40607
  timestamp: 1766327501392
- conda: https://conda.anaconda.org/conda-forge/osx-arm64/libxml2-16-2.15.1-h5ef1a60_1.conda
  sha256: 2d5ab15113b0ba21f4656d387d26ab59e4fbaf3027f5e58a2a4fe370821eb106
  md5: 7eed1026708e26ee512f43a04d9d0027
  depends:
  - __osx >=11.0
  - icu >=78.1,<79.0a0
  - libiconv >=1.18,<2.0a0
  - liblzma >=5.8.1,<6.0a0
  - libzlib >=1.3.1,<2.0a0
  constrains:
  - libxml2 2.15.1
  license: MIT
  license_family: MIT
  size: 464886
  timestamp: 1766327479416
- conda: https://conda.anaconda.org/conda-forge/osx-arm64/libzlib-1.3.1-h8359307_2.conda
  sha256: ce34669eadaba351cd54910743e6a2261b67009624dbc7daeeafdef93616711b
  md5: 369964e85dc26bfe78f41399b366c435
  depends:
  - __osx >=11.0
  constrains:
  - zlib 1.3.1 *_2
  license: Zlib
  license_family: Other
  size: 46438
  timestamp: 1727963202283
- conda: https://conda.anaconda.org/conda-forge/osx-arm64/lld-19.1.7-ha4b1419_1.conda
  sha256: fc220b6e7c5b2d157244d42a99987ba5368489d874d55721dd45332ec98691f0
  md5: 3f7d6019e5b2dcf1fb19a21da07080c3
  depends:
  - __osx >=11.0
  - libcxx >=19.1.7
  - libllvm19 >=19.1.7,<19.2.0a0
  - libzlib >=1.3.1,<2.0a0
  - zstd >=1.5.7,<1.6.0a0
  constrains:
  - llvm ==19.1.7
  license: Apache-2.0 WITH LLVM-exception
  license_family: APACHE
  size: 4348536
  timestamp: 1757395078257
- conda: https://conda.anaconda.org/conda-forge/osx-arm64/llvm-openmp-21.1.8-h4a912ad_0.conda
  sha256: 56bcd20a0a44ddd143b6ce605700fdf876bcf5c509adc50bf27e76673407a070
  md5: 206ad2df1b5550526e386087bef543c7
  depends:
  - __osx >=11.0
  constrains:
  - openmp 21.1.8|21.1.8.*
  - intel-openmp <0.0a0
  license: Apache-2.0 WITH LLVM-exception
  license_family: APACHE
  size: 285974
  timestamp: 1765964756583
- conda: https://conda.anaconda.org/conda-forge/osx-arm64/llvm-tools-19.1.7-h855ad52_2.conda
  sha256: 09750c33b5d694c494cad9eafda56c61a62622264173d760341b49fb001afe82
  md5: 3e3ac06efc5fdc1aa675ca30bf7d53df
  depends:
  - __osx >=11.0
  - libllvm19 19.1.7 h8e0c9ce_2
  - llvm-tools-19 19.1.7 h91fd4e7_2
  constrains:
  - llvm        19.1.7
  - llvmdev     19.1.7
  - clang-tools 19.1.7
  - clang       19.1.7
  license: Apache-2.0 WITH LLVM-exception
  license_family: Apache
  size: 88390
  timestamp: 1757353535760
- conda: https://conda.anaconda.org/conda-forge/osx-arm64/llvm-tools-19-19.1.7-h91fd4e7_2.conda
  sha256: 73f9506f7c32a448071340e73a0e8461e349082d63ecc4849e3eb2d1efc357dd
  md5: 8237b150fcd7baf65258eef9a0fc76ef
  depends:
  - __osx >=11.0
  - libcxx >=19
  - libllvm19 19.1.7 h8e0c9ce_2
  - libzlib >=1.3.1,<2.0a0
  - zstd >=1.5.7,<1.6.0a0
  license: Apache-2.0 WITH LLVM-exception
  license_family: Apache
  size: 16376095
  timestamp: 1757353442671
- conda: https://conda.anaconda.org/conda-forge/osx-arm64/ncurses-6.5-h5e97a16_3.conda
  sha256: 2827ada40e8d9ca69a153a45f7fd14f32b2ead7045d3bbb5d10964898fe65733
  md5: 068d497125e4bf8a66bf707254fff5ae
  depends:
  - __osx >=11.0
  license: X11 AND BSD-3-Clause
  size: 797030
  timestamp: 1738196177597
- conda: https://conda.anaconda.org/conda-forge/osx-arm64/ninja-1.13.2-h49c215f_0.conda
  sha256: 18d33c17b28d4771fc0b91b7b963c9ce31aca0a9af7dc8e9ee7c974bb207192c
  md5: 175809cc57b2c67f27a0f238bd7f069d
  depends:
  - __osx >=11.0
  - libcxx >=19
  license: Apache-2.0
  license_family: APACHE
  size: 164450
  timestamp: 1763688228613
- conda: https://conda.anaconda.org/conda-forge/noarch/nodeenv-1.10.0-pyhd8ed1ab_0.conda
  sha256: 4fa40e3e13fc6ea0a93f67dfc76c96190afd7ea4ffc1bac2612d954b42cdc3ee
  md5: eb52d14a901e23c39e9e7b4a1a5c015f
  depends:
  - python >=3.10
  - setuptools
  license: BSD-3-Clause
  license_family: BSD
  size: 40866
  timestamp: 1766261270149
- conda: https://conda.anaconda.org/conda-forge/osx-arm64/nodejs-25.7.0-hbfc8e16_0.conda
  sha256: 6398a45d2bb943585540d98a9b1b3bed1fb48fabd327b56eba2ece00e3dd202f
  md5: 22a4a51f30590f274bb3f831d911c09a
  depends:
  - __osx >=11.0
  - libcxx >=19
  - libsqlite >=3.51.2,<4.0a0
  - zstd >=1.5.7,<1.6.0a0
  - libbrotlicommon >=1.2.0,<1.3.0a0
  - libbrotlienc >=1.2.0,<1.3.0a0
  - libbrotlidec >=1.2.0,<1.3.0a0
  - libuv >=1.51.0,<2.0a0
  - libabseil >=20260107.1,<20260108.0a0
  - libabseil * cxx17*
  - icu >=78.2,<79.0a0
  - c-ares >=1.34.6,<2.0a0
  - openssl >=3.5.5,<4.0a0
  - libnghttp2 >=1.67.0,<2.0a0
  - libzlib >=1.3.1,<2.0a0
  license: MIT
  license_family: MIT
  size: 17351648
  timestamp: 1772299122966
- conda: https://conda.anaconda.org/conda-forge/osx-arm64/openssl-3.6.1-hd24854e_1.conda
  sha256: 361f5c5e60052abc12bdd1b50d7a1a43e6a6653aab99a2263bf2288d709dcf67
  md5: f4f6ad63f98f64191c3e77c5f5f29d76
  depends:
  - __osx >=11.0
  - ca-certificates
  license: Apache-2.0
  license_family: Apache
  size: 3104268
  timestamp: 1769556384749
- conda: https://conda.anaconda.org/conda-forge/noarch/platformdirs-4.9.2-pyhcf101f3_0.conda
  sha256: 7f263219cecf0ba6d74c751efa60c4676ce823157ca90aa43ebba5ac615ca0fa
  md5: 4fefefb892ce9cc1539405bec2f1a6cd
  depends:
  - python >=3.10
  - python
  license: MIT
  license_family: MIT
  size: 25643
  timestamp: 1771233827084
- conda: https://conda.anaconda.org/conda-forge/noarch/pre-commit-4.5.1-pyha770c72_0.conda
  sha256: 5b81b7516d4baf43d0c185896b245fa7384b25dc5615e7baa504b7fa4e07b706
  md5: 7f3ac694319c7eaf81a0325d6405e974
  depends:
  - cfgv >=2.0.0
  - identify >=1.0.0
  - nodeenv >=0.11.1
  - python >=3.10
  - pyyaml >=5.1
  - virtualenv >=20.10.0
  license: MIT
  license_family: MIT
  size: 200827
  timestamp: 1765937577534
- conda: https://conda.anaconda.org/conda-forge/noarch/pycparser-2.22-pyh29332c3_1.conda
  sha256: 79db7928d13fab2d892592223d7570f5061c192f27b9febd1a418427b719acc6
  md5: 12c566707c80111f9799308d9e265aef
  depends:
  - python >=3.9
  - python
  license: BSD-3-Clause
  license_family: BSD
  size: 110100
  timestamp: 1733195786147
- conda: https://conda.anaconda.org/conda-forge/osx-arm64/python-3.14.3-h4c637c5_101_cp314.conda
  build_number: 101
  sha256: fccce2af62d11328d232df9f6bbf63464fd45f81f718c661757f9c628c4378ce
  md5: 753c8d0447677acb7ddbcc6e03e82661
  depends:
  - __osx >=11.0
  - bzip2 >=1.0.8,<2.0a0
  - libexpat >=2.7.3,<3.0a0
  - libffi >=3.5.2,<3.6.0a0
  - liblzma >=5.8.2,<6.0a0
  - libmpdec >=4.0.0,<5.0a0
  - libsqlite >=3.51.2,<4.0a0
  - libzlib >=1.3.1,<2.0a0
  - ncurses >=6.5,<7.0a0
  - openssl >=3.5.5,<4.0a0
  - python_abi 3.14.* *_cp314
  - readline >=8.3,<9.0a0
  - tk >=8.6.13,<8.7.0a0
  - tzdata
  - zstd >=1.5.7,<1.6.0a0
  license: Python-2.0
  size: 13522698
  timestamp: 1770675365241
  python_site_packages_path: lib/python3.14/site-packages
- conda: https://conda.anaconda.org/conda-forge/noarch/python-discovery-1.1.0-pyhcf101f3_0.conda
  sha256: b40e3dc845b259ab1bc1bcceaf7215f71efa0f20a347ee7bd6562901b5981c60
  md5: ee4e2cad073411bdfa8598f599537498
  depends:
  - python >=3.10
  - filelock >=3.15.4
  - platformdirs <5,>=4.3.6
  - python
  license: MIT
  license_family: MIT
  size: 33324
  timestamp: 1772103439398
- conda: https://conda.anaconda.org/conda-forge/noarch/python_abi-3.14-8_cp314.conda
  build_number: 8
  sha256: ad6d2e9ac39751cc0529dd1566a26751a0bf2542adb0c232533d32e176e21db5
  md5: 0539938c55b6b1a59b560e843ad864a4
  constrains:
  - python 3.14.* *_cp314
  license: BSD-3-Clause
  license_family: BSD
  size: 6989
  timestamp: 1752805904792
- conda: https://conda.anaconda.org/conda-forge/osx-arm64/pyyaml-6.0.3-py314h6e9b3f0_1.conda
  sha256: 95f385f9606e30137cf0b5295f63855fd22223a4cf024d306cf9098ea1c4a252
  md5: dcf51e564317816cb8d546891019b3ab
  depends:
  - __osx >=11.0
  - python >=3.14,<3.15.0a0
  - python >=3.14,<3.15.0a0 *_cp314
  - python_abi 3.14.* *_cp314
  - yaml >=0.2.5,<0.3.0a0
  license: MIT
  license_family: MIT
  size: 189475
  timestamp: 1770223788648
- conda: https://conda.anaconda.org/conda-forge/osx-arm64/readline-8.3-h46df422_0.conda
  sha256: a77010528efb4b548ac2a4484eaf7e1c3907f2aec86123ed9c5212ae44502477
  md5: f8381319127120ce51e081dce4865cf4
  depends:
  - __osx >=11.0
  - ncurses >=6.5,<7.0a0
  license: GPL-3.0-only
  license_family: GPL
  size: 313930
  timestamp: 1765813902568
- conda: https://conda.anaconda.org/conda-forge/osx-arm64/rhash-1.4.3-hb547adb_2.conda
  sha256: f20c9765768d0c61bbbb462dc83b55372328498a746f60e1e93c985e3436ef73
  md5: 24308c7e0949c572688900b8b2f2a3ba
  license: MIT
  license_family: MIT
  size: 176444
  timestamp: 1693427792263
- conda: https://conda.anaconda.org/conda-forge/noarch/setuptools-82.0.0-pyh332efcf_0.conda
  sha256: fd7201e38e38bf7f25818d624ca8da97b8998957ca9ae3fb7fdc9c17e6b25fcd
  md5: 1d00d46c634177fc8ede8b99d6089239
  depends:
  - python >=3.10
  license: MIT
  license_family: MIT
  size: 637506
  timestamp: 1770634745653
- conda: https://conda.anaconda.org/conda-forge/osx-arm64/sigtool-codesign-0.1.3-h98dc951_0.conda
  sha256: f3d006e2441f110160a684744d90921bbedbffa247d7599d7e76b5cd048116dc
  md5: ade77ad7513177297b1d75e351e136ce
  depends:
  - __osx >=11.0
  - libsigtool 0.1.3 h98dc951_0
  - openssl >=3.5.4,<4.0a0
  license: MIT
  license_family: MIT
  size: 114331
  timestamp: 1767045086274
- conda: https://conda.anaconda.org/conda-forge/osx-arm64/tapi-1600.0.11.8-h997e182_0.conda
  sha256: dcb678fa77f448fa981bf3783902afe09b8838436f3092e9ecaf6a718c87f642
  md5: 347261d575a245cb6111fb2cb5a79fc7
  depends:
  - libcxx >=19.0.0.a0
  - __osx >=11.0
  - ncurses >=6.5,<7.0a0
  license: NCSA
  size: 199699
  timestamp: 1762535277608
- conda: https://conda.anaconda.org/conda-forge/osx-arm64/tk-8.6.13-h010d191_3.conda
  sha256: 799cab4b6cde62f91f750149995d149bc9db525ec12595e8a1d91b9317f038b3
  md5: a9d86bc62f39b94c4661716624eb21b0
  depends:
  - __osx >=11.0
  - libzlib >=1.3.1,<2.0a0
  license: TCL
  license_family: BSD
  size: 3127137
  timestamp: 1769460817696
- conda: https://conda.anaconda.org/conda-forge/noarch/typing_extensions-4.15.0-pyhcf101f3_0.conda
  sha256: 032271135bca55aeb156cee361c81350c6f3fb203f57d024d7e5a1fc9ef18731
  md5: 0caa1af407ecff61170c9437a808404d
  depends:
  - python >=3.10
  - python
  license: PSF-2.0
  license_family: PSF
  size: 51692
  timestamp: 1756220668932
- conda: https://conda.anaconda.org/conda-forge/noarch/tzdata-2025c-hc9c84f9_1.conda
  sha256: 1d30098909076af33a35017eed6f2953af1c769e273a0626a04722ac4acaba3c
  md5: ad659d0a2b3e47e38d829aa8cad2d610
  license: LicenseRef-Public-Domain
  size: 119135
  timestamp: 1767016325805
- conda: https://conda.anaconda.org/conda-forge/osx-arm64/ukkonen-1.1.0-py314h6cfcd04_0.conda
  sha256: 033dbf9859fe58fb85350cf6395be6b1346792e1766d2d5acab538a6eb3659fb
  md5: e229f444fbdb28d8c4f40e247154d993
  depends:
  - __osx >=11.0
  - cffi
  - libcxx >=19
  - python >=3.14,<3.15.0a0
  - python >=3.14,<3.15.0a0 *_cp314
  - python_abi 3.14.* *_cp314
  license: MIT
  license_family: MIT
  size: 14884
  timestamp: 1769439056290
- conda: https://conda.anaconda.org/conda-forge/noarch/virtualenv-21.0.0-pyhcf101f3_0.conda
  sha256: b41f6f522c15805fc609ac44fd3ead3288a3b1125fa3d917466fc9f0bc27dcfb
  md5: 0d574419484a88ee7e753cc0c80ee2c1
  depends:
  - python >=3.10
  - distlib >=0.3.7,<1
  - filelock <4,>=3.24.2
  - importlib-metadata >=6.6
  - platformdirs >=3.9.1,<5
  - python-discovery >=1
  - typing_extensions >=4.13.2
  - python
  license: MIT
  license_family: MIT
  size: 4640980
  timestamp: 1772109615220
- conda: https://conda.anaconda.org/conda-forge/osx-arm64/xz-5.8.2-hd0f0c4f_0.conda
  sha256: 1f16a26d80e20db470196baa680906af92e31e6d873d2f7bc1c79c499797a261
  md5: b86b8e8daf1c8ac572bff820e6160473
  depends:
  - __osx >=11.0
  - liblzma 5.8.2 h8088a28_0
  - liblzma-devel 5.8.2 h8088a28_0
  - xz-gpl-tools 5.8.2 hd0f0c4f_0
  - xz-tools 5.8.2 h8088a28_0
  license: 0BSD AND LGPL-2.1-or-later AND GPL-2.0-or-later
  size: 24143
  timestamp: 1768753074129
- conda: https://conda.anaconda.org/conda-forge/osx-arm64/xz-gpl-tools-5.8.2-hd0f0c4f_0.conda
  sha256: 63ebc0691cb36c293b5c829237598b336efd7f368b4c75a64544e70ae6ac3582
  md5: 3c8f80ff660321d5259ebc3743265566
  depends:
  - __osx >=11.0
  - liblzma 5.8.2 h8088a28_0
  constrains:
  - xz 5.8.2.*
  license: 0BSD AND LGPL-2.1-or-later AND GPL-2.0-or-later
  size: 34000
  timestamp: 1768753049327
- conda: https://conda.anaconda.org/conda-forge/osx-arm64/xz-tools-5.8.2-h8088a28_0.conda
  sha256: 2059328bb4eeb8c30e9d187a67c66ca3d848fbc3025547f99f846bc7aadb6423
  md5: c2650d5190be15af804ae1d8a76b0cca
  depends:
  - __osx >=11.0
  - liblzma 5.8.2 h8088a28_0
  constrains:
  - xz 5.8.2.*
  license: 0BSD AND LGPL-2.1-or-later
  size: 85638
  timestamp: 1768753028023
- conda: https://conda.anaconda.org/conda-forge/osx-arm64/yaml-0.2.5-h925e9cb_3.conda
  sha256: b03433b13d89f5567e828ea9f1a7d5c5d697bf374c28a4168d71e9464f5dafac
  md5: 78a0fe9e9c50d2c381e8ee47e3ea437d
  depends:
  - __osx >=11.0
  license: MIT
  license_family: MIT
  size: 83386
  timestamp: 1753484079473
- conda: https://conda.anaconda.org/conda-forge/noarch/zipp-3.23.0-pyhcf101f3_1.conda
  sha256: b4533f7d9efc976511a73ef7d4a2473406d7f4c750884be8e8620b0ce70f4dae
  md5: 30cd29cb87d819caead4d55184c1d115
  depends:
  - python >=3.10
  - python
  license: MIT
  license_family: MIT
  size: 24194
  timestamp: 1764460141901
- conda: https://conda.anaconda.org/conda-forge/osx-arm64/zlib-1.3.1-h8359307_2.conda
  sha256: 58f8860756680a4831c1bf4f294e2354d187f2e999791d53b1941834c4b37430
  md5: e3170d898ca6cb48f1bb567afb92f775
  depends:
  - __osx >=11.0
  - libzlib 1.3.1 h8359307_2
  license: Zlib
  license_family: Other
  size: 77606
  timestamp: 1727963209370
- conda: https://conda.anaconda.org/conda-forge/osx-arm64/zstd-1.5.7-hbf9d68e_6.conda
  sha256: 9485ba49e8f47d2b597dd399e88f4802e100851b27c21d7525625b0b4025a5d9
  md5: ab136e4c34e97f34fb621d2592a393d8
  depends:
  - __osx >=11.0
  - libzlib >=1.3.1,<2.0a0
  license: BSD-3-Clause
  license_family: BSD
  size: 433413
  timestamp: 1764777166076
